
Microsoft Visual Studio Solution File, Format Version 12.00
# Visual Studio Version 17
VisualStudioVersion = 17.4.33205.214
MinimumVisualStudioVersion = 10.0.40219.1
Project("{9A19103F-16F7-4668-BE54-9A1E7A4F7556}") = "PredictionService", "PredicationService\PredictionService.csproj", "{9A94F23A-C558-475A-8D91-3FAC5BBC9DD7}"
EndProject
Project("{9A19103F-16F7-4668-BE54-9A1E7A4F7556}") = "ModelService", "ModelService\ModelService.csproj", "{91AB8253-EB23-471E-83F6-B136296619BF}"
EndProject
Project("{2150E333-8FDC-42A3-9474-1A3956D46DE8}") = "PredictionServiceProjects", "PredictionServiceProjects", "{D153CC46-3832-4C0F-8066-BF87A293B276}"
EndProject
Project("{2150E333-8FDC-42A3-9474-1A3956D46DE8}") = "ModelServiceProjects", "ModelServiceProjects", "{42D7C86F-23B9-42B2-B9A9-A6988BF989C1}"
EndProject
Project("{2150E333-8FDC-42A3-9474-1A3956D46DE8}") = "LogServiceProjects", "LogServiceProjects", "{07C18954-781A-4941-A264-74D602BBF9A6}"
EndProject
Project("{2150E333-8FDC-42A3-9474-1A3956D46DE8}") = "PersistanceServiceProjects", "PersistanceServiceProjects", "{0C2DBA40-95E6-49E9-943E-5973624457C1}"
EndProject
Project("{2150E333-8FDC-42A3-9474-1A3956D46DE8}") = "GatewayProjects", "GatewayProjects", "{A003065F-A0A6-4D8E-B669-98BC45E4F41B}"
EndProject
Project("{9A19103F-16F7-4668-BE54-9A1E7A4F7556}") = "LogService", "LogService\LogService.csproj", "{B1DDB80D-0E8D-4A2E-84F8-824DFA7B0E30}"
EndProject
Project("{9A19103F-16F7-4668-BE54-9A1E7A4F7556}") = "LogServiceModels", "LogServiceModels\LogServiceModels.csproj", "{FD21CCA7-1876-4677-AB95-A70DE3AEE090}"
EndProject
Project("{9A19103F-16F7-4668-BE54-9A1E7A4F7556}") = "LogServiceRequestMessages", "LogServiceRequestMessages\LogServiceRequestMessages.csproj", "{0B612AA9-7AC0-460D-A498-02D02DD8C78B}"
EndProject
Project("{9A19103F-16F7-4668-BE54-9A1E7A4F7556}") = "LogServiceResponseMessages", "LogServiceResponseMessages\LogServiceResponseMessages.csproj", "{288D7177-B7CE-4D5D-A6E7-10D8875FDBE4}"
EndProject
Project("{9A19103F-16F7-4668-BE54-9A1E7A4F7556}") = "GatewayService", "GatewayService\GatewayService.csproj", "{3B0B9202-63C1-489B-9A0F-EEBA045FC223}"
EndProject
Project("{2150E333-8FDC-42A3-9474-1A3956D46DE8}") = "UserServiceProjects", "UserServiceProjects", "{05F8AD2B-5382-4766-8E6E-C20E74D2C176}"
EndProject
Project("{9A19103F-16F7-4668-BE54-9A1E7A4F7556}") = "UserService", "UserService\UserService.csproj", "{23DB2D06-4340-4A46-861B-B517330CE5D4}"
EndProject
Project("{9A19103F-16F7-4668-BE54-9A1E7A4F7556}") = "UserServiceModels", "UserServiceModels\UserServiceModels.csproj", "{F6D3235E-6683-4354-B922-C3385102ACBF}"
EndProject
Project("{9A19103F-16F7-4668-BE54-9A1E7A4F7556}") = "UserServiceRequestMessages", "UserServiceRequestMessages\UserServiceRequestMessages.csproj", "{9817F313-33B9-4257-80D4-12B047BC0DF1}"
EndProject
Project("{9A19103F-16F7-4668-BE54-9A1E7A4F7556}") = "UserServiceResponseMessages", "UserServiceResponseMessages\UserServiceResponseMessages.csproj", "{383FBB08-0562-48ED-A236-538EEE48E1B7}"
EndProject
Project("{9A19103F-16F7-4668-BE54-9A1E7A4F7556}") = "PersistanceService", "PersistanceService\PersistanceService.csproj", "{ACC87937-1884-4524-91AC-CCDD3D620F1E}"
EndProject
Project("{9A19103F-16F7-4668-BE54-9A1E7A4F7556}") = "PersistanceModels", "PersistanceModels\PersistanceModels.csproj", "{3ACCA5EE-75E5-4BDD-B564-334DBD65686D}"
EndProject
Project("{9A19103F-16F7-4668-BE54-9A1E7A4F7556}") = "Models", "Models\Models.csproj", "{F0361E17-58F2-4441-A378-A1DB4BFB9142}"
EndProject
Project("{2150E333-8FDC-42A3-9474-1A3956D46DE8}") = "DataTransformationServiceProjects", "DataTransformationServiceProjects", "{95C6FC3C-6024-4CD7-84F5-B977DAC2B2EB}"
EndProject
Project("{9A19103F-16F7-4668-BE54-9A1E7A4F7556}") = "DatatransformationService", "DatatransformationService\DatatransformationService.csproj", "{60E8E141-E6CF-4D9B-8AF9-A5B54178282A}"
EndProject
Project("{9A19103F-16F7-4668-BE54-9A1E7A4F7556}") = "DatatransformationModels", "DatatransformationModels\DatatransformationModels.csproj", "{6BB835E2-3848-407B-B363-4B25B1E81373}"
EndProject
Project("{9A19103F-16F7-4668-BE54-9A1E7A4F7556}") = "HTTPRequestModels", "HTTPRequestModels\HTTPRequestModels.csproj", "{B5433E1B-CF06-4335-8A63-014E4DBDA974}"
EndProject
Project("{FAE04EC0-301F-11D3-BF4B-00C04F79EFBC}") = "PredictionRequestMessages", "PredictionRequestMessages\PredictionRequestMessages.csproj", "{8B85A275-208B-4DCB-99AC-7DB49BC3B702}"
EndProject
Project("{FAE04EC0-301F-11D3-BF4B-00C04F79EFBC}") = "PredictionResponseMessages", "PredictionResponseMessages\PredictionResponseMessages.csproj", "{6EF181E2-7E40-4F58-BFB0-B461EDA1316B}"
EndProject
Global
	GlobalSection(SolutionConfigurationPlatforms) = preSolution
		Debug|Any CPU = Debug|Any CPU
		Release|Any CPU = Release|Any CPU
	EndGlobalSection
	GlobalSection(ProjectConfigurationPlatforms) = postSolution
		{9A94F23A-C558-475A-8D91-3FAC5BBC9DD7}.Debug|Any CPU.ActiveCfg = Debug|Any CPU
		{9A94F23A-C558-475A-8D91-3FAC5BBC9DD7}.Debug|Any CPU.Build.0 = Debug|Any CPU
		{9A94F23A-C558-475A-8D91-3FAC5BBC9DD7}.Release|Any CPU.ActiveCfg = Release|Any CPU
		{9A94F23A-C558-475A-8D91-3FAC5BBC9DD7}.Release|Any CPU.Build.0 = Release|Any CPU
		{91AB8253-EB23-471E-83F6-B136296619BF}.Debug|Any CPU.ActiveCfg = Debug|Any CPU
		{91AB8253-EB23-471E-83F6-B136296619BF}.Debug|Any CPU.Build.0 = Debug|Any CPU
		{91AB8253-EB23-471E-83F6-B136296619BF}.Release|Any CPU.ActiveCfg = Release|Any CPU
		{91AB8253-EB23-471E-83F6-B136296619BF}.Release|Any CPU.Build.0 = Release|Any CPU
		{B1DDB80D-0E8D-4A2E-84F8-824DFA7B0E30}.Debug|Any CPU.ActiveCfg = Debug|Any CPU
		{B1DDB80D-0E8D-4A2E-84F8-824DFA7B0E30}.Debug|Any CPU.Build.0 = Debug|Any CPU
		{B1DDB80D-0E8D-4A2E-84F8-824DFA7B0E30}.Release|Any CPU.ActiveCfg = Release|Any CPU
		{B1DDB80D-0E8D-4A2E-84F8-824DFA7B0E30}.Release|Any CPU.Build.0 = Release|Any CPU
		{FD21CCA7-1876-4677-AB95-A70DE3AEE090}.Debug|Any CPU.ActiveCfg = Debug|Any CPU
		{FD21CCA7-1876-4677-AB95-A70DE3AEE090}.Debug|Any CPU.Build.0 = Debug|Any CPU
		{FD21CCA7-1876-4677-AB95-A70DE3AEE090}.Release|Any CPU.ActiveCfg = Release|Any CPU
		{FD21CCA7-1876-4677-AB95-A70DE3AEE090}.Release|Any CPU.Build.0 = Release|Any CPU
		{0B612AA9-7AC0-460D-A498-02D02DD8C78B}.Debug|Any CPU.ActiveCfg = Debug|Any CPU
		{0B612AA9-7AC0-460D-A498-02D02DD8C78B}.Debug|Any CPU.Build.0 = Debug|Any CPU
		{0B612AA9-7AC0-460D-A498-02D02DD8C78B}.Release|Any CPU.ActiveCfg = Release|Any CPU
		{0B612AA9-7AC0-460D-A498-02D02DD8C78B}.Release|Any CPU.Build.0 = Release|Any CPU
		{288D7177-B7CE-4D5D-A6E7-10D8875FDBE4}.Debug|Any CPU.ActiveCfg = Debug|Any CPU
		{288D7177-B7CE-4D5D-A6E7-10D8875FDBE4}.Debug|Any CPU.Build.0 = Debug|Any CPU
		{288D7177-B7CE-4D5D-A6E7-10D8875FDBE4}.Release|Any CPU.ActiveCfg = Release|Any CPU
		{288D7177-B7CE-4D5D-A6E7-10D8875FDBE4}.Release|Any CPU.Build.0 = Release|Any CPU
		{3B0B9202-63C1-489B-9A0F-EEBA045FC223}.Debug|Any CPU.ActiveCfg = Debug|Any CPU
		{3B0B9202-63C1-489B-9A0F-EEBA045FC223}.Debug|Any CPU.Build.0 = Debug|Any CPU
		{3B0B9202-63C1-489B-9A0F-EEBA045FC223}.Release|Any CPU.ActiveCfg = Release|Any CPU
		{3B0B9202-63C1-489B-9A0F-EEBA045FC223}.Release|Any CPU.Build.0 = Release|Any CPU
		{23DB2D06-4340-4A46-861B-B517330CE5D4}.Debug|Any CPU.ActiveCfg = Debug|Any CPU
		{23DB2D06-4340-4A46-861B-B517330CE5D4}.Debug|Any CPU.Build.0 = Debug|Any CPU
		{23DB2D06-4340-4A46-861B-B517330CE5D4}.Release|Any CPU.ActiveCfg = Release|Any CPU
		{23DB2D06-4340-4A46-861B-B517330CE5D4}.Release|Any CPU.Build.0 = Release|Any CPU
		{F6D3235E-6683-4354-B922-C3385102ACBF}.Debug|Any CPU.ActiveCfg = Debug|Any CPU
		{F6D3235E-6683-4354-B922-C3385102ACBF}.Debug|Any CPU.Build.0 = Debug|Any CPU
		{F6D3235E-6683-4354-B922-C3385102ACBF}.Release|Any CPU.ActiveCfg = Release|Any CPU
		{F6D3235E-6683-4354-B922-C3385102ACBF}.Release|Any CPU.Build.0 = Release|Any CPU
		{9817F313-33B9-4257-80D4-12B047BC0DF1}.Debug|Any CPU.ActiveCfg = Debug|Any CPU
		{9817F313-33B9-4257-80D4-12B047BC0DF1}.Debug|Any CPU.Build.0 = Debug|Any CPU
		{9817F313-33B9-4257-80D4-12B047BC0DF1}.Release|Any CPU.ActiveCfg = Release|Any CPU
		{9817F313-33B9-4257-80D4-12B047BC0DF1}.Release|Any CPU.Build.0 = Release|Any CPU
		{383FBB08-0562-48ED-A236-538EEE48E1B7}.Debug|Any CPU.ActiveCfg = Debug|Any CPU
		{383FBB08-0562-48ED-A236-538EEE48E1B7}.Debug|Any CPU.Build.0 = Debug|Any CPU
		{383FBB08-0562-48ED-A236-538EEE48E1B7}.Release|Any CPU.ActiveCfg = Release|Any CPU
		{383FBB08-0562-48ED-A236-538EEE48E1B7}.Release|Any CPU.Build.0 = Release|Any CPU
		{ACC87937-1884-4524-91AC-CCDD3D620F1E}.Debug|Any CPU.ActiveCfg = Debug|Any CPU
		{ACC87937-1884-4524-91AC-CCDD3D620F1E}.Debug|Any CPU.Build.0 = Debug|Any CPU
		{ACC87937-1884-4524-91AC-CCDD3D620F1E}.Release|Any CPU.ActiveCfg = Release|Any CPU
		{ACC87937-1884-4524-91AC-CCDD3D620F1E}.Release|Any CPU.Build.0 = Release|Any CPU
		{3ACCA5EE-75E5-4BDD-B564-334DBD65686D}.Debug|Any CPU.ActiveCfg = Debug|Any CPU
		{3ACCA5EE-75E5-4BDD-B564-334DBD65686D}.Debug|Any CPU.Build.0 = Debug|Any CPU
		{3ACCA5EE-75E5-4BDD-B564-334DBD65686D}.Release|Any CPU.ActiveCfg = Release|Any CPU
		{3ACCA5EE-75E5-4BDD-B564-334DBD65686D}.Release|Any CPU.Build.0 = Release|Any CPU
		{F0361E17-58F2-4441-A378-A1DB4BFB9142}.Debug|Any CPU.ActiveCfg = Debug|Any CPU
		{F0361E17-58F2-4441-A378-A1DB4BFB9142}.Debug|Any CPU.Build.0 = Debug|Any CPU
		{F0361E17-58F2-4441-A378-A1DB4BFB9142}.Release|Any CPU.ActiveCfg = Release|Any CPU
		{F0361E17-58F2-4441-A378-A1DB4BFB9142}.Release|Any CPU.Build.0 = Release|Any CPU
		{60E8E141-E6CF-4D9B-8AF9-A5B54178282A}.Debug|Any CPU.ActiveCfg = Debug|Any CPU
		{60E8E141-E6CF-4D9B-8AF9-A5B54178282A}.Debug|Any CPU.Build.0 = Debug|Any CPU
		{60E8E141-E6CF-4D9B-8AF9-A5B54178282A}.Release|Any CPU.ActiveCfg = Release|Any CPU
		{60E8E141-E6CF-4D9B-8AF9-A5B54178282A}.Release|Any CPU.Build.0 = Release|Any CPU
		{6BB835E2-3848-407B-B363-4B25B1E81373}.Debug|Any CPU.ActiveCfg = Debug|Any CPU
		{6BB835E2-3848-407B-B363-4B25B1E81373}.Debug|Any CPU.Build.0 = Debug|Any CPU
		{6BB835E2-3848-407B-B363-4B25B1E81373}.Release|Any CPU.ActiveCfg = Release|Any CPU
		{6BB835E2-3848-407B-B363-4B25B1E81373}.Release|Any CPU.Build.0 = Release|Any CPU
		{B5433E1B-CF06-4335-8A63-014E4DBDA974}.Debug|Any CPU.ActiveCfg = Debug|Any CPU
		{B5433E1B-CF06-4335-8A63-014E4DBDA974}.Debug|Any CPU.Build.0 = Debug|Any CPU
		{B5433E1B-CF06-4335-8A63-014E4DBDA974}.Release|Any CPU.ActiveCfg = Release|Any CPU
		{B5433E1B-CF06-4335-8A63-014E4DBDA974}.Release|Any CPU.Build.0 = Release|Any CPU
		{8B85A275-208B-4DCB-99AC-7DB49BC3B702}.Debug|Any CPU.ActiveCfg = Debug|Any CPU
		{8B85A275-208B-4DCB-99AC-7DB49BC3B702}.Debug|Any CPU.Build.0 = Debug|Any CPU
		{8B85A275-208B-4DCB-99AC-7DB49BC3B702}.Release|Any CPU.ActiveCfg = Release|Any CPU
		{8B85A275-208B-4DCB-99AC-7DB49BC3B702}.Release|Any CPU.Build.0 = Release|Any CPU
		{6EF181E2-7E40-4F58-BFB0-B461EDA1316B}.Debug|Any CPU.ActiveCfg = Debug|Any CPU
		{6EF181E2-7E40-4F58-BFB0-B461EDA1316B}.Debug|Any CPU.Build.0 = Debug|Any CPU
		{6EF181E2-7E40-4F58-BFB0-B461EDA1316B}.Release|Any CPU.ActiveCfg = Release|Any CPU
		{6EF181E2-7E40-4F58-BFB0-B461EDA1316B}.Release|Any CPU.Build.0 = Release|Any CPU
	EndGlobalSection
	GlobalSection(SolutionProperties) = preSolution
		HideSolutionNode = FALSE
	EndGlobalSection
	GlobalSection(NestedProjects) = preSolution
		{9A94F23A-C558-475A-8D91-3FAC5BBC9DD7} = {D153CC46-3832-4C0F-8066-BF87A293B276}
		{91AB8253-EB23-471E-83F6-B136296619BF} = {42D7C86F-23B9-42B2-B9A9-A6988BF989C1}
		{B1DDB80D-0E8D-4A2E-84F8-824DFA7B0E30} = {07C18954-781A-4941-A264-74D602BBF9A6}
		{FD21CCA7-1876-4677-AB95-A70DE3AEE090} = {07C18954-781A-4941-A264-74D602BBF9A6}
		{0B612AA9-7AC0-460D-A498-02D02DD8C78B} = {07C18954-781A-4941-A264-74D602BBF9A6}
		{288D7177-B7CE-4D5D-A6E7-10D8875FDBE4} = {07C18954-781A-4941-A264-74D602BBF9A6}
		{3B0B9202-63C1-489B-9A0F-EEBA045FC223} = {A003065F-A0A6-4D8E-B669-98BC45E4F41B}
		{23DB2D06-4340-4A46-861B-B517330CE5D4} = {05F8AD2B-5382-4766-8E6E-C20E74D2C176}
		{F6D3235E-6683-4354-B922-C3385102ACBF} = {05F8AD2B-5382-4766-8E6E-C20E74D2C176}
		{9817F313-33B9-4257-80D4-12B047BC0DF1} = {05F8AD2B-5382-4766-8E6E-C20E74D2C176}
		{383FBB08-0562-48ED-A236-538EEE48E1B7} = {05F8AD2B-5382-4766-8E6E-C20E74D2C176}
		{ACC87937-1884-4524-91AC-CCDD3D620F1E} = {0C2DBA40-95E6-49E9-943E-5973624457C1}
		{3ACCA5EE-75E5-4BDD-B564-334DBD65686D} = {0C2DBA40-95E6-49E9-943E-5973624457C1}
		{F0361E17-58F2-4441-A378-A1DB4BFB9142} = {42D7C86F-23B9-42B2-B9A9-A6988BF989C1}
		{60E8E141-E6CF-4D9B-8AF9-A5B54178282A} = {95C6FC3C-6024-4CD7-84F5-B977DAC2B2EB}
		{6BB835E2-3848-407B-B363-4B25B1E81373} = {95C6FC3C-6024-4CD7-84F5-B977DAC2B2EB}
		{B5433E1B-CF06-4335-8A63-014E4DBDA974} = {A003065F-A0A6-4D8E-B669-98BC45E4F41B}
		{8B85A275-208B-4DCB-99AC-7DB49BC3B702} = {D153CC46-3832-4C0F-8066-BF87A293B276}
		{6EF181E2-7E40-4F58-BFB0-B461EDA1316B} = {D153CC46-3832-4C0F-8066-BF87A293B276}
	EndGlobalSection
	GlobalSection(ExtensibilityGlobals) = postSolution
		SolutionGuid = {BDECA376-D820-4C20-B7B1-0CD6EBD9740C}
	EndGlobalSection
EndGlobal
